# This file is generated by running "yarn install" inside your project.
# Manual changes might be lost - proceed with caution!

__metadata:
  version: 8
  cacheKey: 10c0

"@package-dependencies-tree/fixtures@workspace:.":
  version: 0.0.0-use.local
  resolution: "@package-dependencies-tree/fixtures@workspace:."
  dependencies:
    deno-path-from-file-url: "npm:0.0.6"
    local-package: "file:local-package/package-dependencies-tree-local-package-1.0.0.tgz"
    renamed-deno-path-from-file-url: "npm:deno-path-from-file-url@0.0.6"
    search-closest: "npm:<=1.1.0"
  peerDependencies:
    "@package-dependencies-tree/package-wont-install": 1.0.0
  languageName: unknown
  linkType: soft

"deno-path-from-file-url@npm:0.0.6, renamed-deno-path-from-file-url@npm:deno-path-from-file-url@0.0.6":
  version: 0.0.6
  resolution: "deno-path-from-file-url@npm:0.0.6"
  checksum: 10c0/ef8935688909c66a75a910bcd04ce6047ab1fb620d3adb3d1a3dad709fef31d32738227d3a08c443f2ae06ad44974c2529e51b85d54afa25e9488372ccb23bfb
  languageName: node
  linkType: hard

"find-in-directory@npm:^3.0.0":
  version: 3.0.0
  resolution: "find-in-directory@npm:3.0.0"
  dependencies:
    url-or-path: "npm:2.6.1"
  checksum: 10c0/c1c65b0eea66ca4f82877581946ca0088f6528f1d38cfe3a4e067d8ab8e1a7548c79f6dc3d2a673462231430e3ea0918d3d02061b4d3fba82eaf00669477590b
  languageName: node
  linkType: hard

"iterate-directory-up@npm:^1.4.0":
  version: 1.4.0
  resolution: "iterate-directory-up@npm:1.4.0"
  dependencies:
    url-or-path: "npm:^2.6.1"
  checksum: 10c0/486f13a72dcbe137b4f2dc3da6268656a2b7d1bcc53f8edb5f5e5fea1c7fa203e57e4e13719ab47e17b1b48ff0d313508ab30af5bc5018d8d89ee94e702cff04
  languageName: node
  linkType: hard

"local-package@file:local-package/package-dependencies-tree-local-package-1.0.0.tgz::locator=%40package-dependencies-tree%2Ffixtures%40workspace%3A.":
  version: 1.0.0
  resolution: "local-package@file:local-package/package-dependencies-tree-local-package-1.0.0.tgz#local-package/package-dependencies-tree-local-package-1.0.0.tgz::hash=a19d82&locator=%40package-dependencies-tree%2Ffixtures%40workspace%3A."
  peerDependencies:
    search-closest: "*"
  checksum: 10c0/bed98495d295a97f5a3e0f6e676e74645c8beef51e7b040dbe73c561aa710b52566f8b4aee79cd5a5e1527908f1309dfaecf8f230a7c1015c096169a3524d7dd
  languageName: node
  linkType: hard

"search-closest@npm:<=1.1.0":
  version: 1.1.0
  resolution: "search-closest@npm:1.1.0"
  dependencies:
    find-in-directory: "npm:^3.0.0"
    iterate-directory-up: "npm:^1.4.0"
  checksum: 10c0/7c7e52b8338afef2af74bff10412b56c622027248c6d090e3843c66513693b5cc13134c40b4cae8cfd4855cc2d03ab5ecf5599659fcbee0bd75b6cf48e156457
  languageName: node
  linkType: hard

"url-or-path@npm:2.6.1, url-or-path@npm:^2.6.1":
  version: 2.6.1
  resolution: "url-or-path@npm:2.6.1"
  checksum: 10c0/f755e62ea1a1d907ce45f1961cd5bb29b6c3f689afd9e93b4d9fb432a2c371eccb56d4feb56eadca35b3f7c8ae84e6a5d5d93c290f09c6c0ad4b2c9f88d2e180
  languageName: node
  linkType: hard
