# This file is generated by running "yarn install" inside your project.
# Manual changes might be lost - proceed with caution!

__metadata:
  version: 8
  cacheKey: 10c0

"@jsr/std__internal@npm:^1.0.12":
  version: 1.0.12
  resolution: "@jsr/std__internal@npm:1.0.12::__archiveUrl=https%3A%2F%2Fnpm.jsr.io%2F~%2F11%2F%40jsr%2Fstd__internal%2F1.0.12.tgz"
  checksum: 10c0/43abd1e942279264555a8df13467940768c85dcf018ea81618bde228c02c57cc9c609e98585a2ee5baa6c0966d6f1c5bd7a60737594279213eb1a1ceaa4d991e
  languageName: node
  linkType: hard

"@package-dependencies-tree/fixtures@workspace:.":
  version: 0.0.0-use.local
  resolution: "@package-dependencies-tree/fixtures@workspace:."
  dependencies:
    "@std/path": "jsr:1.1.4"
    deno-path-from-file-url: "npm:0.0.6"
    local-package: "file:./local-package"
    renamed-deno-path-from-file-url: "npm:deno-path-from-file-url@0.0.6"
  peerDependencies:
    "@package-dependencies-tree/package-wont-install": 1.0.0
  languageName: unknown
  linkType: soft

"@std/path@jsr:1.1.4":
  version: 1.1.4
  resolution: "@std/path@jsr:1.1.4::__archiveUrl=https%3A%2F%2Fnpm.jsr.io%2F~%2F11%2F%40jsr%2Fstd__path%2F1.1.4.tgz"
  dependencies:
    "@jsr/std__internal": "npm:^1.0.12"
  checksum: 10c0/c078f867ce99a212e668bb46902dc48133aed4416181b4835899234b790532764decd4008087e95d56fd87c18640f4bbeba875b911e29a243dbfb4a58b8dc5f7
  languageName: node
  linkType: hard

"@std/path@npm:@jsr/std__path@1.1.4":
  version: 1.1.4
  resolution: "@jsr/std__path@npm:1.1.4::__archiveUrl=https%3A%2F%2Fnpm.jsr.io%2F~%2F11%2F%40jsr%2Fstd__path%2F1.1.4.tgz"
  dependencies:
    "@jsr/std__internal": "npm:^1.0.12"
  checksum: 10c0/c078f867ce99a212e668bb46902dc48133aed4416181b4835899234b790532764decd4008087e95d56fd87c18640f4bbeba875b911e29a243dbfb4a58b8dc5f7
  languageName: node
  linkType: hard

"deno-path-from-file-url@npm:0.0.6, renamed-deno-path-from-file-url@npm:deno-path-from-file-url@0.0.6":
  version: 0.0.6
  resolution: "deno-path-from-file-url@npm:0.0.6"
  checksum: 10c0/ef8935688909c66a75a910bcd04ce6047ab1fb620d3adb3d1a3dad709fef31d32738227d3a08c443f2ae06ad44974c2529e51b85d54afa25e9488372ccb23bfb
  languageName: node
  linkType: hard

"local-package@file:./local-package::locator=%40package-dependencies-tree%2Ffixtures%40workspace%3A.":
  version: 1.0.0
  resolution: "local-package@file:./local-package#./local-package::hash=1fe3f8&locator=%40package-dependencies-tree%2Ffixtures%40workspace%3A."
  peerDependencies:
    "@std/path": "*"
  checksum: 10c0/7de32825678eb8ae7a63bb9d4ad22d4a3bc6cb15f96d7737efa0bad737d4b71954fa460218c081b49be9b29f65e05727fc98a80120e1465659539c82079f90c7
  languageName: node
  linkType: hard
